
Microsoft Visual Studio Solution File, Format Version 12.00
# Visual Studio Version 16
VisualStudioVersion = 16.0.31112.23
MinimumVisualStudioVersion = 10.0.40219.1
Project("{FAE04EC0-301F-11D3-BF4B-00C04F79EFBC}") = "BabaRh", "BabaRh\BabaRh.csproj", "{10FB39BF-B478-46FF-969C-509428C2C8AA}"
EndProject
Project("{FAE04EC0-301F-11D3-BF4B-00C04F79EFBC}") = "BabaRh.AccessLayer", "BabaRh.AccessLayer\BabaRh.AccessLayer.csproj", "{9CC27EC2-70FA-49FC-A92D-F041A67CBEF9}"
EndProject
Project("{FAE04EC0-301F-11D3-BF4B-00C04F79EFBC}") = "BabaRh.Web", "BabaRh.Web\BabaRh.Web.csproj", "{5234AFE4-09EE-4935-9DA0-6191A90561EC}"
	ProjectSection(ProjectDependencies) = postProject
		{9CC27EC2-70FA-49FC-A92D-F041A67CBEF9} = {9CC27EC2-70FA-49FC-A92D-F041A67CBEF9}
	EndProjectSection
EndProject
Project("{FAE04EC0-301F-11D3-BF4B-00C04F79EFBC}") = "BabaRh.Api", "BabaRh.Api\BabaRh.Api.csproj", "{E512D711-C5F6-44E7-B7CB-E3CA3B2A3EF5}"
	ProjectSection(ProjectDependencies) = postProject
		{9CC27EC2-70FA-49FC-A92D-F041A67CBEF9} = {9CC27EC2-70FA-49FC-A92D-F041A67CBEF9}
	EndProjectSection
EndProject
Global
	GlobalSection(SolutionConfigurationPlatforms) = preSolution
		Debug|Any CPU = Debug|Any CPU
		Release|Any CPU = Release|Any CPU
	EndGlobalSection
	GlobalSection(ProjectConfigurationPlatforms) = postSolution
		{10FB39BF-B478-46FF-969C-509428C2C8AA}.Debug|Any CPU.ActiveCfg = Debug|Any CPU
		{10FB39BF-B478-46FF-969C-509428C2C8AA}.Debug|Any CPU.Build.0 = Debug|Any CPU
		{10FB39BF-B478-46FF-969C-509428C2C8AA}.Release|Any CPU.ActiveCfg = Release|Any CPU
		{10FB39BF-B478-46FF-969C-509428C2C8AA}.Release|Any CPU.Build.0 = Release|Any CPU
		{9CC27EC2-70FA-49FC-A92D-F041A67CBEF9}.Debug|Any CPU.ActiveCfg = Debug|Any CPU
		{9CC27EC2-70FA-49FC-A92D-F041A67CBEF9}.Debug|Any CPU.Build.0 = Debug|Any CPU
		{9CC27EC2-70FA-49FC-A92D-F041A67CBEF9}.Release|Any CPU.ActiveCfg = Release|Any CPU
		{9CC27EC2-70FA-49FC-A92D-F041A67CBEF9}.Release|Any CPU.Build.0 = Release|Any CPU
		{5234AFE4-09EE-4935-9DA0-6191A90561EC}.Debug|Any CPU.ActiveCfg = Debug|Any CPU
		{5234AFE4-09EE-4935-9DA0-6191A90561EC}.Debug|Any CPU.Build.0 = Debug|Any CPU
		{5234AFE4-09EE-4935-9DA0-6191A90561EC}.Release|Any CPU.ActiveCfg = Release|Any CPU
		{5234AFE4-09EE-4935-9DA0-6191A90561EC}.Release|Any CPU.Build.0 = Release|Any CPU
		{E512D711-C5F6-44E7-B7CB-E3CA3B2A3EF5}.Debug|Any CPU.ActiveCfg = Debug|Any CPU
		{E512D711-C5F6-44E7-B7CB-E3CA3B2A3EF5}.Debug|Any CPU.Build.0 = Debug|Any CPU
		{E512D711-C5F6-44E7-B7CB-E3CA3B2A3EF5}.Release|Any CPU.ActiveCfg = Release|Any CPU
		{E512D711-C5F6-44E7-B7CB-E3CA3B2A3EF5}.Release|Any CPU.Build.0 = Release|Any CPU
	EndGlobalSection
	GlobalSection(SolutionProperties) = preSolution
		HideSolutionNode = FALSE
	EndGlobalSection
	GlobalSection(ExtensibilityGlobals) = postSolution
		SolutionGuid = {F54434A1-1074-4F7C-9930-F6C57839527B}
	EndGlobalSection
EndGlobal
